
Microsoft Visual Studio Solution File, Format Version 12.00
# Visual Studio Version 17
VisualStudioVersion = 17.9.34622.214
MinimumVisualStudioVersion = 10.0.40219.1
Project("{FAE04EC0-301F-11D3-BF4B-00C04F79EFBC}") = "Task15", "Task15\Task15.csproj", "{D3431E6A-3C77-4E2B-B9C3-984FAED57CAF}"
EndProject
Global
	GlobalSection(SolutionConfigurationPlatforms) = preSolution
		Debug|Any CPU = Debug|Any CPU
		Release|Any CPU = Release|Any CPU
	EndGlobalSection
	GlobalSection(ProjectConfigurationPlatforms) = postSolution
		{D3431E6A-3C77-4E2B-B9C3-984FAED57CAF}.Debug|Any CPU.ActiveCfg = Debug|Any CPU
		{D3431E6A-3C77-4E2B-B9C3-984FAED57CAF}.Debug|Any CPU.Build.0 = Debug|Any CPU
		{D3431E6A-3C77-4E2B-B9C3-984FAED57CAF}.Release|Any CPU.ActiveCfg = Release|Any CPU
		{D3431E6A-3C77-4E2B-B9C3-984FAED57CAF}.Release|Any CPU.Build.0 = Release|Any CPU
	EndGlobalSection
	GlobalSection(SolutionProperties) = preSolution
		HideSolutionNode = FALSE
	EndGlobalSection
	GlobalSection(ExtensibilityGlobals) = postSolution
		SolutionGuid = {E85501B1-E7D5-4C84-BB00-AEF44ED54E04}
	EndGlobalSection
EndGlobal
