
Microsoft Visual Studio Solution File, Format Version 12.00
# Visual Studio Version 17
VisualStudioVersion = 17.9.34622.214
MinimumVisualStudioVersion = 10.0.40219.1
Project("{FAE04EC0-301F-11D3-BF4B-00C04F79EFBC}") = "Task16", "Task16\Task16.csproj", "{AC4F7A04-ACB9-4B97-995D-CD2D81D71712}"
EndProject
Project("{FAE04EC0-301F-11D3-BF4B-00C04F79EFBC}") = "16extra", "16extra\16extra.csproj", "{97B5D8D0-3996-47EC-98BF-1BB54A741930}"
EndProject
Global
	GlobalSection(SolutionConfigurationPlatforms) = preSolution
		Debug|Any CPU = Debug|Any CPU
		Release|Any CPU = Release|Any CPU
	EndGlobalSection
	GlobalSection(ProjectConfigurationPlatforms) = postSolution
		{AC4F7A04-ACB9-4B97-995D-CD2D81D71712}.Debug|Any CPU.ActiveCfg = Debug|Any CPU
		{AC4F7A04-ACB9-4B97-995D-CD2D81D71712}.Debug|Any CPU.Build.0 = Debug|Any CPU
		{AC4F7A04-ACB9-4B97-995D-CD2D81D71712}.Release|Any CPU.ActiveCfg = Release|Any CPU
		{AC4F7A04-ACB9-4B97-995D-CD2D81D71712}.Release|Any CPU.Build.0 = Release|Any CPU
		{97B5D8D0-3996-47EC-98BF-1BB54A741930}.Debug|Any CPU.ActiveCfg = Debug|Any CPU
		{97B5D8D0-3996-47EC-98BF-1BB54A741930}.Debug|Any CPU.Build.0 = Debug|Any CPU
		{97B5D8D0-3996-47EC-98BF-1BB54A741930}.Release|Any CPU.ActiveCfg = Release|Any CPU
		{97B5D8D0-3996-47EC-98BF-1BB54A741930}.Release|Any CPU.Build.0 = Release|Any CPU
	EndGlobalSection
	GlobalSection(SolutionProperties) = preSolution
		HideSolutionNode = FALSE
	EndGlobalSection
	GlobalSection(ExtensibilityGlobals) = postSolution
		SolutionGuid = {7DFE18F5-A730-4BBE-9D73-F3FF253E60F3}
	EndGlobalSection
EndGlobal
